// !$*UTF8*$!
{
	archiveVersion = 1;
	classes = {
	};
	objectVersion = 56;
	objects = {

/* Begin PBXBuildFile section */
		B0511B9B2AA65E2E00BDFD07 /* MomentoApp.swift in Sources */ = {isa = PBXBuildFile; fileRef = B0511B9A2AA65E2E00BDFD07 /* MomentoApp.swift */; };
		B0511B9D2AA65E2E00BDFD07 /* AllItemsView.swift in Sources */ = {isa = PBXBuildFile; fileRef = B0511B9C2AA65E2E00BDFD07 /* AllItemsView.swift */; };
		B0511B9F2AA65E2F00BDFD07 /* Assets.xcassets in Resources */ = {isa = PBXBuildFile; fileRef = B0511B9E2AA65E2F00BDFD07 /* Assets.xcassets */; };
		B0511BA22AA65E2F00BDFD07 /* Preview Assets.xcassets in Resources */ = {isa = PBXBuildFile; fileRef = B0511BA12AA65E2F00BDFD07 /* Preview Assets.xcassets */; };
		B0511BAB2AA65F2900BDFD07 /* Item.swift in Sources */ = {isa = PBXBuildFile; fileRef = B0511BAA2AA65F2900BDFD07 /* Item.swift */; };
		B0511BAD2AA67DCA00BDFD07 /* ItemView.swift in Sources */ = {isa = PBXBuildFile; fileRef = B0511BAC2AA67DCA00BDFD07 /* ItemView.swift */; };
		B0511BAF2AA67F2500BDFD07 /* ItemCardView.swift in Sources */ = {isa = PBXBuildFile; fileRef = B0511BAE2AA67F2500BDFD07 /* ItemCardView.swift */; };
		B0B358282AD1D74E00103D82 /* ShareViewController.swift in Sources */ = {isa = PBXBuildFile; fileRef = B0B358272AD1D74E00103D82 /* ShareViewController.swift */; };
		B0B3582B2AD1D74E00103D82 /* MainInterface.storyboard in Resources */ = {isa = PBXBuildFile; fileRef = B0B358292AD1D74E00103D82 /* MainInterface.storyboard */; };
		B0B3582F2AD1D74E00103D82 /* MomentoShare.appex in Embed Foundation Extensions */ = {isa = PBXBuildFile; fileRef = B0B358252AD1D74E00103D82 /* MomentoShare.appex */; settings = {ATTRIBUTES = (RemoveHeadersOnCopy, ); }; };
		B0D731302AD1EF6B00742D0C /* CachedAsyncImage in Frameworks */ = {isa = PBXBuildFile; productRef = B0D7312F2AD1EF6B00742D0C /* CachedAsyncImage */; };
		B0D731322AD1F18E00742D0C /* CachedAsyncImage in Frameworks */ = {isa = PBXBuildFile; productRef = B0D731312AD1F18E00742D0C /* CachedAsyncImage */; };
		B0D731362AD4713100742D0C /* SelectCategoryView.swift in Sources */ = {isa = PBXBuildFile; fileRef = B0D731352AD4713100742D0C /* SelectCategoryView.swift */; };
		B0D731382AD472E000742D0C /* Category.swift in Sources */ = {isa = PBXBuildFile; fileRef = B0D731372AD472E000742D0C /* Category.swift */; };
/* End PBXBuildFile section */

/* Begin PBXContainerItemProxy section */
		B0B3582D2AD1D74E00103D82 /* PBXContainerItemProxy */ = {
			isa = PBXContainerItemProxy;
			containerPortal = B0511B8F2AA65E2E00BDFD07 /* Project object */;
			proxyType = 1;
			remoteGlobalIDString = B0B358242AD1D74E00103D82;
			remoteInfo = MomentoShare;
		};
/* End PBXContainerItemProxy section */

/* Begin PBXCopyFilesBuildPhase section */
		B0DF20722AB8CEBD00B69C3B /* Embed Foundation Extensions */ = {
			isa = PBXCopyFilesBuildPhase;
			buildActionMask = 2147483647;
			dstPath = "";
			dstSubfolderSpec = 13;
			files = (
				B0B3582F2AD1D74E00103D82 /* MomentoShare.appex in Embed Foundation Extensions */,
			);
			name = "Embed Foundation Extensions";
			runOnlyForDeploymentPostprocessing = 0;
		};
/* End PBXCopyFilesBuildPhase section */

/* Begin PBXFileReference section */
		B0511B972AA65E2E00BDFD07 /* Momento.app */ = {isa = PBXFileReference; explicitFileType = wrapper.application; includeInIndex = 0; path = Momento.app; sourceTree = BUILT_PRODUCTS_DIR; };
		B0511B9A2AA65E2E00BDFD07 /* MomentoApp.swift */ = {isa = PBXFileReference; lastKnownFileType = sourcecode.swift; path = MomentoApp.swift; sourceTree = "<group>"; };
		B0511B9C2AA65E2E00BDFD07 /* AllItemsView.swift */ = {isa = PBXFileReference; lastKnownFileType = sourcecode.swift; path = AllItemsView.swift; sourceTree = "<group>"; };
		B0511B9E2AA65E2F00BDFD07 /* Assets.xcassets */ = {isa = PBXFileReference; lastKnownFileType = folder.assetcatalog; path = Assets.xcassets; sourceTree = "<group>"; };
		B0511BA12AA65E2F00BDFD07 /* Preview Assets.xcassets */ = {isa = PBXFileReference; lastKnownFileType = folder.assetcatalog; path = "Preview Assets.xcassets"; sourceTree = "<group>"; };
		B0511BAA2AA65F2900BDFD07 /* Item.swift */ = {isa = PBXFileReference; lastKnownFileType = sourcecode.swift; path = Item.swift; sourceTree = "<group>"; };
		B0511BAC2AA67DCA00BDFD07 /* ItemView.swift */ = {isa = PBXFileReference; lastKnownFileType = sourcecode.swift; path = ItemView.swift; sourceTree = "<group>"; };
		B0511BAE2AA67F2500BDFD07 /* ItemCardView.swift */ = {isa = PBXFileReference; lastKnownFileType = sourcecode.swift; path = ItemCardView.swift; sourceTree = "<group>"; };
		B0B358252AD1D74E00103D82 /* MomentoShare.appex */ = {isa = PBXFileReference; explicitFileType = "wrapper.app-extension"; includeInIndex = 0; path = MomentoShare.appex; sourceTree = BUILT_PRODUCTS_DIR; };
		B0B358272AD1D74E00103D82 /* ShareViewController.swift */ = {isa = PBXFileReference; lastKnownFileType = sourcecode.swift; path = ShareViewController.swift; sourceTree = "<group>"; };
		B0B3582A2AD1D74E00103D82 /* Base */ = {isa = PBXFileReference; lastKnownFileType = file.storyboard; name = Base; path = Base.lproj/MainInterface.storyboard; sourceTree = "<group>"; };
		B0B3582C2AD1D74E00103D82 /* Info.plist */ = {isa = PBXFileReference; lastKnownFileType = text.plist.xml; path = Info.plist; sourceTree = "<group>"; };
		B0D731332AD1F9C300742D0C /* MomentoShare.entitlements */ = {isa = PBXFileReference; lastKnownFileType = text.plist.entitlements; path = MomentoShare.entitlements; sourceTree = "<group>"; };
		B0D731342AD1F9E700742D0C /* Momento.entitlements */ = {isa = PBXFileReference; lastKnownFileType = text.plist.entitlements; path = Momento.entitlements; sourceTree = "<group>"; };
		B0D731352AD4713100742D0C /* SelectCategoryView.swift */ = {isa = PBXFileReference; lastKnownFileType = sourcecode.swift; path = SelectCategoryView.swift; sourceTree = "<group>"; };
		B0D731372AD472E000742D0C /* Category.swift */ = {isa = PBXFileReference; lastKnownFileType = sourcecode.swift; path = Category.swift; sourceTree = "<group>"; };
/* End PBXFileReference section */

/* Begin PBXFrameworksBuildPhase section */
		B0511B942AA65E2E00BDFD07 /* Frameworks */ = {
			isa = PBXFrameworksBuildPhase;
			buildActionMask = 2147483647;
			files = (
				B0D731302AD1EF6B00742D0C /* CachedAsyncImage in Frameworks */,
			);
			runOnlyForDeploymentPostprocessing = 0;
		};
		B0B358222AD1D74E00103D82 /* Frameworks */ = {
			isa = PBXFrameworksBuildPhase;
			buildActionMask = 2147483647;
			files = (
				B0D731322AD1F18E00742D0C /* CachedAsyncImage in Frameworks */,
			);
			runOnlyForDeploymentPostprocessing = 0;
		};
/* End PBXFrameworksBuildPhase section */

/* Begin PBXGroup section */
		B0511B8E2AA65E2E00BDFD07 = {
			isa = PBXGroup;
			children = (
				B0511B992AA65E2E00BDFD07 /* Momento */,
				B0B358262AD1D74E00103D82 /* MomentoShare */,
				B0511B982AA65E2E00BDFD07 /* Products */,
				B0D7312C2AD1EE2D00742D0C /* Frameworks */,
			);
			sourceTree = "<group>";
		};
		B0511B982AA65E2E00BDFD07 /* Products */ = {
			isa = PBXGroup;
			children = (
				B0511B972AA65E2E00BDFD07 /* Momento.app */,
				B0B358252AD1D74E00103D82 /* MomentoShare.appex */,
			);
			name = Products;
			sourceTree = "<group>";
		};
		B0511B992AA65E2E00BDFD07 /* Momento */ = {
			isa = PBXGroup;
			children = (
				B0D731342AD1F9E700742D0C /* Momento.entitlements */,
				B0511BA92AA65E4100BDFD07 /* Views */,
				B0511BA82AA65E3B00BDFD07 /* Models */,
				B0511B9A2AA65E2E00BDFD07 /* MomentoApp.swift */,
				B0511B9E2AA65E2F00BDFD07 /* Assets.xcassets */,
				B0511BA02AA65E2F00BDFD07 /* Preview Content */,
			);
			path = Momento;
			sourceTree = "<group>";
		};
		B0511BA02AA65E2F00BDFD07 /* Preview Content */ = {
			isa = PBXGroup;
			children = (
				B0511BA12AA65E2F00BDFD07 /* Preview Assets.xcassets */,
			);
			path = "Preview Content";
			sourceTree = "<group>";
		};
		B0511BA82AA65E3B00BDFD07 /* Models */ = {
			isa = PBXGroup;
			children = (
				B0511BAA2AA65F2900BDFD07 /* Item.swift */,
				B0D731372AD472E000742D0C /* Category.swift */,
			);
			path = Models;
			sourceTree = "<group>";
		};
		B0511BA92AA65E4100BDFD07 /* Views */ = {
			isa = PBXGroup;
			children = (
				B0511B9C2AA65E2E00BDFD07 /* AllItemsView.swift */,
				B0511BAC2AA67DCA00BDFD07 /* ItemView.swift */,
				B0511BAE2AA67F2500BDFD07 /* ItemCardView.swift */,
				B0D731352AD4713100742D0C /* SelectCategoryView.swift */,
			);
			path = Views;
			sourceTree = "<group>";
		};
		B0B358262AD1D74E00103D82 /* MomentoShare */ = {
			isa = PBXGroup;
			children = (
				B0D731332AD1F9C300742D0C /* MomentoShare.entitlements */,
				B0B358272AD1D74E00103D82 /* ShareViewController.swift */,
				B0B358292AD1D74E00103D82 /* MainInterface.storyboard */,
				B0B3582C2AD1D74E00103D82 /* Info.plist */,
			);
			path = MomentoShare;
			sourceTree = "<group>";
		};
		B0D7312C2AD1EE2D00742D0C /* Frameworks */ = {
			isa = PBXGroup;
			children = (
			);
			name = Frameworks;
			sourceTree = "<group>";
		};
/* End PBXGroup section */

/* Begin PBXNativeTarget section */
		B0511B962AA65E2E00BDFD07 /* Momento */ = {
			isa = PBXNativeTarget;
			buildConfigurationList = B0511BA52AA65E2F00BDFD07 /* Build configuration list for PBXNativeTarget "Momento" */;
			buildPhases = (
				B0511B932AA65E2E00BDFD07 /* Sources */,
				B0511B942AA65E2E00BDFD07 /* Frameworks */,
				B0511B952AA65E2E00BDFD07 /* Resources */,
				B0DF20722AB8CEBD00B69C3B /* Embed Foundation Extensions */,
			);
			buildRules = (
			);
			dependencies = (
				B0B3582E2AD1D74E00103D82 /* PBXTargetDependency */,
			);
			name = Momento;
			packageProductDependencies = (
				B0D7312F2AD1EF6B00742D0C /* CachedAsyncImage */,
			);
			productName = Momento;
			productReference = B0511B972AA65E2E00BDFD07 /* Momento.app */;
			productType = "com.apple.product-type.application";
		};
		B0B358242AD1D74E00103D82 /* MomentoShare */ = {
			isa = PBXNativeTarget;
			buildConfigurationList = B0B358322AD1D74E00103D82 /* Build configuration list for PBXNativeTarget "MomentoShare" */;
			buildPhases = (
				B0B358212AD1D74E00103D82 /* Sources */,
				B0B358222AD1D74E00103D82 /* Frameworks */,
				B0B358232AD1D74E00103D82 /* Resources */,
			);
			buildRules = (
			);
			dependencies = (
			);
			name = MomentoShare;
			packageProductDependencies = (
				B0D731312AD1F18E00742D0C /* CachedAsyncImage */,
			);
			productName = MomentoShare;
			productReference = B0B358252AD1D74E00103D82 /* MomentoShare.appex */;
			productType = "com.apple.product-type.app-extension";
		};
/* End PBXNativeTarget section */

/* Begin PBXProject section */
		B0511B8F2AA65E2E00BDFD07 /* Project object */ = {
			isa = PBXProject;
			attributes = {
				BuildIndependentTargetsInParallel = 1;
				LastSwiftUpdateCheck = 1500;
				LastUpgradeCheck = 1500;
				TargetAttributes = {
					B0511B962AA65E2E00BDFD07 = {
						CreatedOnToolsVersion = 14.3.1;
					};
					B0B358242AD1D74E00103D82 = {
						CreatedOnToolsVersion = 15.0;
					};
				};
			};
			buildConfigurationList = B0511B922AA65E2E00BDFD07 /* Build configuration list for PBXProject "Momento" */;
			compatibilityVersion = "Xcode 14.0";
			developmentRegion = en;
			hasScannedForEncodings = 0;
			knownRegions = (
				en,
				Base,
			);
			mainGroup = B0511B8E2AA65E2E00BDFD07;
			packageReferences = (
				B0B358332AD1EC4700103D82 /* XCRemoteSwiftPackageReference "swiftui-cached-async-image" */,
			);
			productRefGroup = B0511B982AA65E2E00BDFD07 /* Products */;
			projectDirPath = "";
			projectRoot = "";
			targets = (
				B0511B962AA65E2E00BDFD07 /* Momento */,
				B0B358242AD1D74E00103D82 /* MomentoShare */,
			);
		};
/* End PBXProject section */

/* Begin PBXResourcesBuildPhase section */
		B0511B952AA65E2E00BDFD07 /* Resources */ = {
			isa = PBXResourcesBuildPhase;
			buildActionMask = 2147483647;
			files = (
				B0511BA22AA65E2F00BDFD07 /* Preview Assets.xcassets in Resources */,
				B0511B9F2AA65E2F00BDFD07 /* Assets.xcassets in Resources */,
			);
			runOnlyForDeploymentPostprocessing = 0;
		};
		B0B358232AD1D74E00103D82 /* Resources */ = {
			isa = PBXResourcesBuildPhase;
			buildActionMask = 2147483647;
			files = (
				B0B3582B2AD1D74E00103D82 /* MainInterface.storyboard in Resources */,
			);
			runOnlyForDeploymentPostprocessing = 0;
		};
/* End PBXResourcesBuildPhase section */

/* Begin PBXSourcesBuildPhase section */
		B0511B932AA65E2E00BDFD07 /* Sources */ = {
			isa = PBXSourcesBuildPhase;
			buildActionMask = 2147483647;
			files = (
				B0511B9D2AA65E2E00BDFD07 /* AllItemsView.swift in Sources */,
				B0511BAB2AA65F2900BDFD07 /* Item.swift in Sources */,
				B0D731362AD4713100742D0C /* SelectCategoryView.swift in Sources */,
				B0511B9B2AA65E2E00BDFD07 /* MomentoApp.swift in Sources */,
				B0511BAF2AA67F2500BDFD07 /* ItemCardView.swift in Sources */,
				B0511BAD2AA67DCA00BDFD07 /* ItemView.swift in Sources */,
				B0D731382AD472E000742D0C /* Category.swift in Sources */,
			);
			runOnlyForDeploymentPostprocessing = 0;
		};
		B0B358212AD1D74E00103D82 /* Sources */ = {
			isa = PBXSourcesBuildPhase;
			buildActionMask = 2147483647;
			files = (
				B0B358282AD1D74E00103D82 /* ShareViewController.swift in Sources */,
			);
			runOnlyForDeploymentPostprocessing = 0;
		};
/* End PBXSourcesBuildPhase section */

/* Begin PBXTargetDependency section */
		B0B3582E2AD1D74E00103D82 /* PBXTargetDependency */ = {
			isa = PBXTargetDependency;
			target = B0B358242AD1D74E00103D82 /* MomentoShare */;
			targetProxy = B0B3582D2AD1D74E00103D82 /* PBXContainerItemProxy */;
		};
/* End PBXTargetDependency section */

/* Begin PBXVariantGroup section */
		B0B358292AD1D74E00103D82 /* MainInterface.storyboard */ = {
			isa = PBXVariantGroup;
			children = (
				B0B3582A2AD1D74E00103D82 /* Base */,
			);
			name = MainInterface.storyboard;
			sourceTree = "<group>";
		};
/* End PBXVariantGroup section */

/* Begin XCBuildConfiguration section */
		B0511BA32AA65E2F00BDFD07 /* Debug */ = {
			isa = XCBuildConfiguration;
			buildSettings = {
				ALWAYS_SEARCH_USER_PATHS = NO;
				CLANG_ANALYZER_NONNULL = YES;
				CLANG_ANALYZER_NUMBER_OBJECT_CONVERSION = YES_AGGRESSIVE;
				CLANG_CXX_LANGUAGE_STANDARD = "gnu++20";
				CLANG_ENABLE_MODULES = YES;
				CLANG_ENABLE_OBJC_ARC = YES;
				CLANG_ENABLE_OBJC_WEAK = YES;
				CLANG_WARN_BLOCK_CAPTURE_AUTORELEASING = YES;
				CLANG_WARN_BOOL_CONVERSION = YES;
				CLANG_WARN_COMMA = YES;
				CLANG_WARN_CONSTANT_CONVERSION = YES;
				CLANG_WARN_DEPRECATED_OBJC_IMPLEMENTATIONS = YES;
				CLANG_WARN_DIRECT_OBJC_ISA_USAGE = YES_ERROR;
				CLANG_WARN_DOCUMENTATION_COMMENTS = YES;
				CLANG_WARN_EMPTY_BODY = YES;
				CLANG_WARN_ENUM_CONVERSION = YES;
				CLANG_WARN_INFINITE_RECURSION = YES;
				CLANG_WARN_INT_CONVERSION = YES;
				CLANG_WARN_NON_LITERAL_NULL_CONVERSION = YES;
				CLANG_WARN_OBJC_IMPLICIT_RETAIN_SELF = YES;
				CLANG_WARN_OBJC_LITERAL_CONVERSION = YES;
				CLANG_WARN_OBJC_ROOT_CLASS = YES_ERROR;
				CLANG_WARN_QUOTED_INCLUDE_IN_FRAMEWORK_HEADER = YES;
				CLANG_WARN_RANGE_LOOP_ANALYSIS = YES;
				CLANG_WARN_STRICT_PROTOTYPES = YES;
				CLANG_WARN_SUSPICIOUS_MOVE = YES;
				CLANG_WARN_UNGUARDED_AVAILABILITY = YES_AGGRESSIVE;
				CLANG_WARN_UNREACHABLE_CODE = YES;
				CLANG_WARN__DUPLICATE_METHOD_MATCH = YES;
				COPY_PHASE_STRIP = NO;
				DEBUG_INFORMATION_FORMAT = dwarf;
				ENABLE_STRICT_OBJC_MSGSEND = YES;
				ENABLE_TESTABILITY = YES;
				ENABLE_USER_SCRIPT_SANDBOXING = YES;
				GCC_C_LANGUAGE_STANDARD = gnu11;
				GCC_DYNAMIC_NO_PIC = NO;
				GCC_NO_COMMON_BLOCKS = YES;
				GCC_OPTIMIZATION_LEVEL = 0;
				GCC_PREPROCESSOR_DEFINITIONS = (
					"DEBUG=1",
					"$(inherited)",
				);
				GCC_WARN_64_TO_32_BIT_CONVERSION = YES;
				GCC_WARN_ABOUT_RETURN_TYPE = YES_ERROR;
				GCC_WARN_UNDECLARED_SELECTOR = YES;
				GCC_WARN_UNINITIALIZED_AUTOS = YES_AGGRESSIVE;
				GCC_WARN_UNUSED_FUNCTION = YES;
				GCC_WARN_UNUSED_VARIABLE = YES;
				IPHONEOS_DEPLOYMENT_TARGET = 16.4;
				MTL_ENABLE_DEBUG_INFO = INCLUDE_SOURCE;
				MTL_FAST_MATH = YES;
				ONLY_ACTIVE_ARCH = YES;
				SDKROOT = iphoneos;
				SWIFT_ACTIVE_COMPILATION_CONDITIONS = DEBUG;
				SWIFT_OPTIMIZATION_LEVEL = "-Onone";
			};
			name = Debug;
		};
		B0511BA42AA65E2F00BDFD07 /* Release */ = {
			isa = XCBuildConfiguration;
			buildSettings = {
				ALWAYS_SEARCH_USER_PATHS = NO;
				CLANG_ANALYZER_NONNULL = YES;
				CLANG_ANALYZER_NUMBER_OBJECT_CONVERSION = YES_AGGRESSIVE;
				CLANG_CXX_LANGUAGE_STANDARD = "gnu++20";
				CLANG_ENABLE_MODULES = YES;
				CLANG_ENABLE_OBJC_ARC = YES;
				CLANG_ENABLE_OBJC_WEAK = YES;
				CLANG_WARN_BLOCK_CAPTURE_AUTORELEASING = YES;
				CLANG_WARN_BOOL_CONVERSION = YES;
				CLANG_WARN_COMMA = YES;
				CLANG_WARN_CONSTANT_CONVERSION = YES;
				CLANG_WARN_DEPRECATED_OBJC_IMPLEMENTATIONS = YES;
				CLANG_WARN_DIRECT_OBJC_ISA_USAGE = YES_ERROR;
				CLANG_WARN_DOCUMENTATION_COMMENTS = YES;
				CLANG_WARN_EMPTY_BODY = YES;
				CLANG_WARN_ENUM_CONVERSION = YES;
				CLANG_WARN_INFINITE_RECURSION = YES;
				CLANG_WARN_INT_CONVERSION = YES;
				CLANG_WARN_NON_LITERAL_NULL_CONVERSION = YES;
				CLANG_WARN_OBJC_IMPLICIT_RETAIN_SELF = YES;
				CLANG_WARN_OBJC_LITERAL_CONVERSION = YES;
				CLANG_WARN_OBJC_ROOT_CLASS = YES_ERROR;
				CLANG_WARN_QUOTED_INCLUDE_IN_FRAMEWORK_HEADER = YES;
				CLANG_WARN_RANGE_LOOP_ANALYSIS = YES;
				CLANG_WARN_STRICT_PROTOTYPES = YES;
				CLANG_WARN_SUSPICIOUS_MOVE = YES;
				CLANG_WARN_UNGUARDED_AVAILABILITY = YES_AGGRESSIVE;
				CLANG_WARN_UNREACHABLE_CODE = YES;
				CLANG_WARN__DUPLICATE_METHOD_MATCH = YES;
				COPY_PHASE_STRIP = NO;
				DEBUG_INFORMATION_FORMAT = "dwarf-with-dsym";
				ENABLE_NS_ASSERTIONS = NO;
				ENABLE_STRICT_OBJC_MSGSEND = YES;
				ENABLE_USER_SCRIPT_SANDBOXING = YES;
				GCC_C_LANGUAGE_STANDARD = gnu11;
				GCC_NO_COMMON_BLOCKS = YES;
				GCC_WARN_64_TO_32_BIT_CONVERSION = YES;
				GCC_WARN_ABOUT_RETURN_TYPE = YES_ERROR;
				GCC_WARN_UNDECLARED_SELECTOR = YES;
				GCC_WARN_UNINITIALIZED_AUTOS = YES_AGGRESSIVE;
				GCC_WARN_UNUSED_FUNCTION = YES;
				GCC_WARN_UNUSED_VARIABLE = YES;
				IPHONEOS_DEPLOYMENT_TARGET = 16.4;
				MTL_ENABLE_DEBUG_INFO = NO;
				MTL_FAST_MATH = YES;
				SDKROOT = iphoneos;
				SWIFT_COMPILATION_MODE = wholemodule;
				SWIFT_OPTIMIZATION_LEVEL = "-O";
				VALIDATE_PRODUCT = YES;
			};
			name = Release;
		};
		B0511BA62AA65E2F00BDFD07 /* Debug */ = {
			isa = XCBuildConfiguration;
			buildSettings = {
				ALWAYS_EMBED_SWIFT_STANDARD_LIBRARIES = YES;
				ASSETCATALOG_COMPILER_APPICON_NAME = AppIcon;
				ASSETCATALOG_COMPILER_GLOBAL_ACCENT_COLOR_NAME = AccentColor;
				CODE_SIGN_ENTITLEMENTS = Momento/Momento.entitlements;
				CODE_SIGN_STYLE = Automatic;
				CURRENT_PROJECT_VERSION = 1;
				DEVELOPMENT_ASSET_PATHS = "\"Momento/Preview Content\"";
				DEVELOPMENT_TEAM = R9764NGMRN;
				ENABLE_PREVIEWS = YES;
				GENERATE_INFOPLIST_FILE = YES;
				INFOPLIST_KEY_LSApplicationCategoryType = "public.app-category.productivity";
				INFOPLIST_KEY_UIApplicationSceneManifest_Generation = YES;
				INFOPLIST_KEY_UIApplicationSupportsIndirectInputEvents = YES;
				INFOPLIST_KEY_UILaunchScreen_Generation = YES;
				INFOPLIST_KEY_UISupportedInterfaceOrientations_iPad = "UIInterfaceOrientationPortrait UIInterfaceOrientationPortraitUpsideDown UIInterfaceOrientationLandscapeLeft UIInterfaceOrientationLandscapeRight";
				INFOPLIST_KEY_UISupportedInterfaceOrientations_iPhone = "UIInterfaceOrientationPortrait UIInterfaceOrientationLandscapeLeft UIInterfaceOrientationLandscapeRight";
				IPHONEOS_DEPLOYMENT_TARGET = 16.4;
				LD_RUNPATH_SEARCH_PATHS = (
					"$(inherited)",
					"@executable_path/Frameworks",
				);
				MARKETING_VERSION = 1.0;
				PRODUCT_BUNDLE_IDENTIFIER = testing.Momento;
				PRODUCT_NAME = "$(TARGET_NAME)";
				SWIFT_EMIT_LOC_STRINGS = YES;
				SWIFT_VERSION = 5.0;
				TARGETED_DEVICE_FAMILY = "1,2";
			};
			name = Debug;
		};
		B0511BA72AA65E2F00BDFD07 /* Release */ = {
			isa = XCBuildConfiguration;
			buildSettings = {
				ALWAYS_EMBED_SWIFT_STANDARD_LIBRARIES = YES;
				ASSETCATALOG_COMPILER_APPICON_NAME = AppIcon;
				ASSETCATALOG_COMPILER_GLOBAL_ACCENT_COLOR_NAME = AccentColor;
				CODE_SIGN_ENTITLEMENTS = Momento/Momento.entitlements;
				CODE_SIGN_STYLE = Automatic;
				CURRENT_PROJECT_VERSION = 1;
				DEVELOPMENT_ASSET_PATHS = "\"Momento/Preview Content\"";
				DEVELOPMENT_TEAM = R9764NGMRN;
				ENABLE_PREVIEWS = YES;
				GENERATE_INFOPLIST_FILE = YES;
				INFOPLIST_KEY_LSApplicationCategoryType = "public.app-category.productivity";
				INFOPLIST_KEY_UIApplicationSceneManifest_Generation = YES;
				INFOPLIST_KEY_UIApplicationSupportsIndirectInputEvents = YES;
				INFOPLIST_KEY_UILaunchScreen_Generation = YES;
				INFOPLIST_KEY_UISupportedInterfaceOrientations_iPad = "UIInterfaceOrientationPortrait UIInterfaceOrientationPortraitUpsideDown UIInterfaceOrientationLandscapeLeft UIInterfaceOrientationLandscapeRight";
				INFOPLIST_KEY_UISupportedInterfaceOrientations_iPhone = "UIInterfaceOrientationPortrait UIInterfaceOrientationLandscapeLeft UIInterfaceOrientationLandscapeRight";
				IPHONEOS_DEPLOYMENT_TARGET = 16.4;
				LD_RUNPATH_SEARCH_PATHS = (
					"$(inherited)",
					"@executable_path/Frameworks",
				);
				MARKETING_VERSION = 1.0;
				PRODUCT_BUNDLE_IDENTIFIER = testing.Momento;
				PRODUCT_NAME = "$(TARGET_NAME)";
				SWIFT_EMIT_LOC_STRINGS = YES;
				SWIFT_VERSION = 5.0;
				TARGETED_DEVICE_FAMILY = "1,2";
			};
			name = Release;
		};
		B0B358302AD1D74E00103D82 /* Debug */ = {
			isa = XCBuildConfiguration;
			buildSettings = {
				ASSETCATALOG_COMPILER_GENERATE_SWIFT_ASSET_SYMBOL_EXTENSIONS = YES;
				CODE_SIGN_ENTITLEMENTS = MomentoShare/MomentoShare.entitlements;
				CODE_SIGN_STYLE = Automatic;
				CURRENT_PROJECT_VERSION = 1;
				DEVELOPMENT_ASSET_PATHS = "";
				DEVELOPMENT_TEAM = R9764NGMRN;
				GCC_C_LANGUAGE_STANDARD = gnu17;
				GENERATE_INFOPLIST_FILE = YES;
				INFOPLIST_FILE = MomentoShare/Info.plist;
				INFOPLIST_KEY_CFBundleDisplayName = MomentoShare;
				INFOPLIST_KEY_NSHumanReadableCopyright = "";
				IPHONEOS_DEPLOYMENT_TARGET = 17.0;
				LD_RUNPATH_SEARCH_PATHS = (
					"$(inherited)",
					"@executable_path/Frameworks",
					"@executable_path/../../Frameworks",
				);
				LOCALIZATION_PREFERS_STRING_CATALOGS = YES;
				MARKETING_VERSION = 1.0;
				PRODUCT_BUNDLE_IDENTIFIER = testing.Momento.MomentoShare;
				PRODUCT_NAME = "$(TARGET_NAME)";
				SKIP_INSTALL = YES;
				SWIFT_ACTIVE_COMPILATION_CONDITIONS = "DEBUG $(inherited)";
				SWIFT_EMIT_LOC_STRINGS = YES;
				SWIFT_VERSION = 5.0;
				TARGETED_DEVICE_FAMILY = "1,2";
			};
			name = Debug;
		};
		B0B358312AD1D74E00103D82 /* Release */ = {
			isa = XCBuildConfiguration;
			buildSettings = {
				ASSETCATALOG_COMPILER_GENERATE_SWIFT_ASSET_SYMBOL_EXTENSIONS = YES;
				CODE_SIGN_ENTITLEMENTS = MomentoShare/MomentoShare.entitlements;
				CODE_SIGN_STYLE = Automatic;
				CURRENT_PROJECT_VERSION = 1;
				DEVELOPMENT_ASSET_PATHS = "";
				DEVELOPMENT_TEAM = R9764NGMRN;
				GCC_C_LANGUAGE_STANDARD = gnu17;
				GENERATE_INFOPLIST_FILE = YES;
				INFOPLIST_FILE = MomentoShare/Info.plist;
				INFOPLIST_KEY_CFBundleDisplayName = MomentoShare;
				INFOPLIST_KEY_NSHumanReadableCopyright = "";
				IPHONEOS_DEPLOYMENT_TARGET = 17.0;
				LD_RUNPATH_SEARCH_PATHS = (
					"$(inherited)",
					"@executable_path/Frameworks",
					"@executable_path/../../Frameworks",
				);
				LOCALIZATION_PREFERS_STRING_CATALOGS = YES;
				MARKETING_VERSION = 1.0;
				PRODUCT_BUNDLE_IDENTIFIER = testing.Momento.MomentoShare;
				PRODUCT_NAME = "$(TARGET_NAME)";
				SKIP_INSTALL = YES;
				SWIFT_EMIT_LOC_STRINGS = YES;
				SWIFT_VERSION = 5.0;
				TARGETED_DEVICE_FAMILY = "1,2";
			};
			name = Release;
		};
/* End XCBuildConfiguration section */

/* Begin XCConfigurationList section */
		B0511B922AA65E2E00BDFD07 /* Build configuration list for PBXProject "Momento" */ = {
			isa = XCConfigurationList;
			buildConfigurations = (
				B0511BA32AA65E2F00BDFD07 /* Debug */,
				B0511BA42AA65E2F00BDFD07 /* Release */,
			);
			defaultConfigurationIsVisible = 0;
			defaultConfigurationName = Release;
		};
		B0511BA52AA65E2F00BDFD07 /* Build configuration list for PBXNativeTarget "Momento" */ = {
			isa = XCConfigurationList;
			buildConfigurations = (
				B0511BA62AA65E2F00BDFD07 /* Debug */,
				B0511BA72AA65E2F00BDFD07 /* Release */,
			);
			defaultConfigurationIsVisible = 0;
			defaultConfigurationName = Release;
		};
		B0B358322AD1D74E00103D82 /* Build configuration list for PBXNativeTarget "MomentoShare" */ = {
			isa = XCConfigurationList;
			buildConfigurations = (
				B0B358302AD1D74E00103D82 /* Debug */,
				B0B358312AD1D74E00103D82 /* Release */,
			);
			defaultConfigurationIsVisible = 0;
			defaultConfigurationName = Release;
		};
/* End XCConfigurationList section */

/* Begin XCRemoteSwiftPackageReference section */
		B0B358332AD1EC4700103D82 /* XCRemoteSwiftPackageReference "swiftui-cached-async-image" */ = {
			isa = XCRemoteSwiftPackageReference;
			repositoryURL = "https://github.com/lorenzofiamingo/swiftui-cached-async-image";
			requirement = {
				kind = upToNextMajorVersion;
				minimumVersion = 2.1.1;
			};
		};
/* End XCRemoteSwiftPackageReference section */

/* Begin XCSwiftPackageProductDependency section */
		B0D7312F2AD1EF6B00742D0C /* CachedAsyncImage */ = {
			isa = XCSwiftPackageProductDependency;
			package = B0B358332AD1EC4700103D82 /* XCRemoteSwiftPackageReference "swiftui-cached-async-image" */;
			productName = CachedAsyncImage;
		};
		B0D731312AD1F18E00742D0C /* CachedAsyncImage */ = {
			isa = XCSwiftPackageProductDependency;
			package = B0B358332AD1EC4700103D82 /* XCRemoteSwiftPackageReference "swiftui-cached-async-image" */;
			productName = CachedAsyncImage;
		};
/* End XCSwiftPackageProductDependency section */
	};
	rootObject = B0511B8F2AA65E2E00BDFD07 /* Project object */;
}
